
Microsoft Visual Studio Solution File, Format Version 12.00
# Visual Studio 15
VisualStudioVersion = 15.0.27428.2015
MinimumVisualStudioVersion = 10.0.40219.1
Project("{FAE04EC0-301F-11D3-BF4B-00C04F79EFBC}") = "Курсовой", "Курсовой\Курсовой.csproj", "{3AC99FF9-0FC9-469F-96D2-A2A843CA27D6}"
EndProject
Global
	GlobalSection(SolutionConfigurationPlatforms) = preSolution
		Debug|Any CPU = Debug|Any CPU
		Release|Any CPU = Release|Any CPU
	EndGlobalSection
	GlobalSection(ProjectConfigurationPlatforms) = postSolution
		{3AC99FF9-0FC9-469F-96D2-A2A843CA27D6}.Debug|Any CPU.ActiveCfg = Debug|Any CPU
		{3AC99FF9-0FC9-469F-96D2-A2A843CA27D6}.Debug|Any CPU.Build.0 = Debug|Any CPU
		{3AC99FF9-0FC9-469F-96D2-A2A843CA27D6}.Release|Any CPU.ActiveCfg = Release|Any CPU
		{3AC99FF9-0FC9-469F-96D2-A2A843CA27D6}.Release|Any CPU.Build.0 = Release|Any CPU
	EndGlobalSection
	GlobalSection(SolutionProperties) = preSolution
		HideSolutionNode = FALSE
	EndGlobalSection
	GlobalSection(ExtensibilityGlobals) = postSolution
		SolutionGuid = {DB9C0463-A803-4015-9DB5-3E7C70B5357C}
	EndGlobalSection
EndGlobal
