
Microsoft Visual Studio Solution File, Format Version 12.00
# Visual Studio Express 2012 for Windows Desktop
Project("{FAE04EC0-301F-11D3-BF4B-00C04F79EFBC}") = "RegEx", "RegEx\RegEx.csproj", "{36E4BABE-F8E4-4F46-955B-748CB8B1802D}"
EndProject
Global
	GlobalSection(SolutionConfigurationPlatforms) = preSolution
		Debug|Any CPU = Debug|Any CPU
		Release|Any CPU = Release|Any CPU
	EndGlobalSection
	GlobalSection(ProjectConfigurationPlatforms) = postSolution
		{36E4BABE-F8E4-4F46-955B-748CB8B1802D}.Debug|Any CPU.ActiveCfg = Debug|Any CPU
		{36E4BABE-F8E4-4F46-955B-748CB8B1802D}.Debug|Any CPU.Build.0 = Debug|Any CPU
		{36E4BABE-F8E4-4F46-955B-748CB8B1802D}.Release|Any CPU.ActiveCfg = Release|Any CPU
		{36E4BABE-F8E4-4F46-955B-748CB8B1802D}.Release|Any CPU.Build.0 = Release|Any CPU
	EndGlobalSection
	GlobalSection(SolutionProperties) = preSolution
		HideSolutionNode = FALSE
	EndGlobalSection
EndGlobal
